
Microsoft Visual Studio Solution File, Format Version 12.00
# Visual Studio Version 17
VisualStudioVersion = 17.5.33103.201
MinimumVisualStudioVersion = 15.0.26124.0
Project("{2150E333-8FDC-42A3-9474-1A3956D46DE8}") = "src", "src", "{213FE490-5DFB-4628-B321-B638B56D7C27}"
EndProject
Project("{9A19103F-16F7-4668-BE54-9A1E7A4F7556}") = "WebClient", "src\WebClient\WebClient.csproj", "{C9F069A4-6092-4E35-840C-7F65AB0EDA36}"
EndProject
Project("{9A19103F-16F7-4668-BE54-9A1E7A4F7556}") = "WebApi", "src\WebApi\WebApi.csproj", "{67F991AA-C822-4F27-A26C-E2F0F3A5AE3C}"
EndProject
Project("{9A19103F-16F7-4668-BE54-9A1E7A4F7556}") = "Gateway", "src\Worker\Gateway.csproj", "{693B347E-4BF1-4DCB-A5FC-8546D4E96ADE}"
EndProject
Project("{9A19103F-16F7-4668-BE54-9A1E7A4F7556}") = "IOT", "src\IOT\IOT.csproj", "{F6634FD4-7367-4191-A629-EACAEE6D3192}"
EndProject
Project("{9A19103F-16F7-4668-BE54-9A1E7A4F7556}") = "Device", "src\Device\Device.csproj", "{79DF856C-37DB-4561-BBD6-0F7C7521FADC}"
EndProject
Global
	GlobalSection(SolutionConfigurationPlatforms) = preSolution
		Debug|Any CPU = Debug|Any CPU
		Debug|x64 = Debug|x64
		Debug|x86 = Debug|x86
		Release|Any CPU = Release|Any CPU
		Release|x64 = Release|x64
		Release|x86 = Release|x86
	EndGlobalSection
	GlobalSection(ProjectConfigurationPlatforms) = postSolution
		{C9F069A4-6092-4E35-840C-7F65AB0EDA36}.Debug|Any CPU.ActiveCfg = Debug|Any CPU
		{C9F069A4-6092-4E35-840C-7F65AB0EDA36}.Debug|Any CPU.Build.0 = Debug|Any CPU
		{C9F069A4-6092-4E35-840C-7F65AB0EDA36}.Debug|x64.ActiveCfg = Debug|Any CPU
		{C9F069A4-6092-4E35-840C-7F65AB0EDA36}.Debug|x64.Build.0 = Debug|Any CPU
		{C9F069A4-6092-4E35-840C-7F65AB0EDA36}.Debug|x86.ActiveCfg = Debug|Any CPU
		{C9F069A4-6092-4E35-840C-7F65AB0EDA36}.Debug|x86.Build.0 = Debug|Any CPU
		{C9F069A4-6092-4E35-840C-7F65AB0EDA36}.Release|Any CPU.ActiveCfg = Release|Any CPU
		{C9F069A4-6092-4E35-840C-7F65AB0EDA36}.Release|Any CPU.Build.0 = Release|Any CPU
		{C9F069A4-6092-4E35-840C-7F65AB0EDA36}.Release|x64.ActiveCfg = Release|Any CPU
		{C9F069A4-6092-4E35-840C-7F65AB0EDA36}.Release|x64.Build.0 = Release|Any CPU
		{C9F069A4-6092-4E35-840C-7F65AB0EDA36}.Release|x86.ActiveCfg = Release|Any CPU
		{C9F069A4-6092-4E35-840C-7F65AB0EDA36}.Release|x86.Build.0 = Release|Any CPU
		{67F991AA-C822-4F27-A26C-E2F0F3A5AE3C}.Debug|Any CPU.ActiveCfg = Debug|Any CPU
		{67F991AA-C822-4F27-A26C-E2F0F3A5AE3C}.Debug|Any CPU.Build.0 = Debug|Any CPU
		{67F991AA-C822-4F27-A26C-E2F0F3A5AE3C}.Debug|x64.ActiveCfg = Debug|Any CPU
		{67F991AA-C822-4F27-A26C-E2F0F3A5AE3C}.Debug|x64.Build.0 = Debug|Any CPU
		{67F991AA-C822-4F27-A26C-E2F0F3A5AE3C}.Debug|x86.ActiveCfg = Debug|Any CPU
		{67F991AA-C822-4F27-A26C-E2F0F3A5AE3C}.Debug|x86.Build.0 = Debug|Any CPU
		{67F991AA-C822-4F27-A26C-E2F0F3A5AE3C}.Release|Any CPU.ActiveCfg = Release|Any CPU
		{67F991AA-C822-4F27-A26C-E2F0F3A5AE3C}.Release|Any CPU.Build.0 = Release|Any CPU
		{67F991AA-C822-4F27-A26C-E2F0F3A5AE3C}.Release|x64.ActiveCfg = Release|Any CPU
		{67F991AA-C822-4F27-A26C-E2F0F3A5AE3C}.Release|x64.Build.0 = Release|Any CPU
		{67F991AA-C822-4F27-A26C-E2F0F3A5AE3C}.Release|x86.ActiveCfg = Release|Any CPU
		{67F991AA-C822-4F27-A26C-E2F0F3A5AE3C}.Release|x86.Build.0 = Release|Any CPU
		{693B347E-4BF1-4DCB-A5FC-8546D4E96ADE}.Debug|Any CPU.ActiveCfg = Debug|Any CPU
		{693B347E-4BF1-4DCB-A5FC-8546D4E96ADE}.Debug|Any CPU.Build.0 = Debug|Any CPU
		{693B347E-4BF1-4DCB-A5FC-8546D4E96ADE}.Debug|x64.ActiveCfg = Debug|Any CPU
		{693B347E-4BF1-4DCB-A5FC-8546D4E96ADE}.Debug|x64.Build.0 = Debug|Any CPU
		{693B347E-4BF1-4DCB-A5FC-8546D4E96ADE}.Debug|x86.ActiveCfg = Debug|Any CPU
		{693B347E-4BF1-4DCB-A5FC-8546D4E96ADE}.Debug|x86.Build.0 = Debug|Any CPU
		{693B347E-4BF1-4DCB-A5FC-8546D4E96ADE}.Release|Any CPU.ActiveCfg = Release|Any CPU
		{693B347E-4BF1-4DCB-A5FC-8546D4E96ADE}.Release|Any CPU.Build.0 = Release|Any CPU
		{693B347E-4BF1-4DCB-A5FC-8546D4E96ADE}.Release|x64.ActiveCfg = Release|Any CPU
		{693B347E-4BF1-4DCB-A5FC-8546D4E96ADE}.Release|x64.Build.0 = Release|Any CPU
		{693B347E-4BF1-4DCB-A5FC-8546D4E96ADE}.Release|x86.ActiveCfg = Release|Any CPU
		{693B347E-4BF1-4DCB-A5FC-8546D4E96ADE}.Release|x86.Build.0 = Release|Any CPU
		{F6634FD4-7367-4191-A629-EACAEE6D3192}.Debug|Any CPU.ActiveCfg = Debug|Any CPU
		{F6634FD4-7367-4191-A629-EACAEE6D3192}.Debug|Any CPU.Build.0 = Debug|Any CPU
		{F6634FD4-7367-4191-A629-EACAEE6D3192}.Debug|x64.ActiveCfg = Debug|Any CPU
		{F6634FD4-7367-4191-A629-EACAEE6D3192}.Debug|x64.Build.0 = Debug|Any CPU
		{F6634FD4-7367-4191-A629-EACAEE6D3192}.Debug|x86.ActiveCfg = Debug|Any CPU
		{F6634FD4-7367-4191-A629-EACAEE6D3192}.Debug|x86.Build.0 = Debug|Any CPU
		{F6634FD4-7367-4191-A629-EACAEE6D3192}.Release|Any CPU.ActiveCfg = Release|Any CPU
		{F6634FD4-7367-4191-A629-EACAEE6D3192}.Release|Any CPU.Build.0 = Release|Any CPU
		{F6634FD4-7367-4191-A629-EACAEE6D3192}.Release|x64.ActiveCfg = Release|Any CPU
		{F6634FD4-7367-4191-A629-EACAEE6D3192}.Release|x64.Build.0 = Release|Any CPU
		{F6634FD4-7367-4191-A629-EACAEE6D3192}.Release|x86.ActiveCfg = Release|Any CPU
		{F6634FD4-7367-4191-A629-EACAEE6D3192}.Release|x86.Build.0 = Release|Any CPU
		{79DF856C-37DB-4561-BBD6-0F7C7521FADC}.Debug|Any CPU.ActiveCfg = Debug|Any CPU
		{79DF856C-37DB-4561-BBD6-0F7C7521FADC}.Debug|Any CPU.Build.0 = Debug|Any CPU
		{79DF856C-37DB-4561-BBD6-0F7C7521FADC}.Debug|x64.ActiveCfg = Debug|Any CPU
		{79DF856C-37DB-4561-BBD6-0F7C7521FADC}.Debug|x64.Build.0 = Debug|Any CPU
		{79DF856C-37DB-4561-BBD6-0F7C7521FADC}.Debug|x86.ActiveCfg = Debug|Any CPU
		{79DF856C-37DB-4561-BBD6-0F7C7521FADC}.Debug|x86.Build.0 = Debug|Any CPU
		{79DF856C-37DB-4561-BBD6-0F7C7521FADC}.Release|Any CPU.ActiveCfg = Release|Any CPU
		{79DF856C-37DB-4561-BBD6-0F7C7521FADC}.Release|Any CPU.Build.0 = Release|Any CPU
		{79DF856C-37DB-4561-BBD6-0F7C7521FADC}.Release|x64.ActiveCfg = Release|Any CPU
		{79DF856C-37DB-4561-BBD6-0F7C7521FADC}.Release|x64.Build.0 = Release|Any CPU
		{79DF856C-37DB-4561-BBD6-0F7C7521FADC}.Release|x86.ActiveCfg = Release|Any CPU
		{79DF856C-37DB-4561-BBD6-0F7C7521FADC}.Release|x86.Build.0 = Release|Any CPU
	EndGlobalSection
	GlobalSection(SolutionProperties) = preSolution
		HideSolutionNode = FALSE
	EndGlobalSection
	GlobalSection(NestedProjects) = preSolution
		{C9F069A4-6092-4E35-840C-7F65AB0EDA36} = {213FE490-5DFB-4628-B321-B638B56D7C27}
		{67F991AA-C822-4F27-A26C-E2F0F3A5AE3C} = {213FE490-5DFB-4628-B321-B638B56D7C27}
		{693B347E-4BF1-4DCB-A5FC-8546D4E96ADE} = {213FE490-5DFB-4628-B321-B638B56D7C27}
		{F6634FD4-7367-4191-A629-EACAEE6D3192} = {213FE490-5DFB-4628-B321-B638B56D7C27}
		{79DF856C-37DB-4561-BBD6-0F7C7521FADC} = {213FE490-5DFB-4628-B321-B638B56D7C27}
	EndGlobalSection
	GlobalSection(ExtensibilityGlobals) = postSolution
		SolutionGuid = {5587EC7F-2C6D-4085-ABC8-982AF84315CB}
	EndGlobalSection
EndGlobal
